
Microsoft Visual Studio Solution File, Format Version 12.00
# Visual Studio Version 17
VisualStudioVersion = 17.2.32526.322
MinimumVisualStudioVersion = 10.0.40219.1
Project("{9A19103F-16F7-4668-BE54-9A1E7A4F7556}") = "AspCoreTest", "AspCoreTest\AspCoreTest.csproj", "{B38B387D-2F39-44EE-A027-A4B1E57BE68B}"
EndProject
Project("{9A19103F-16F7-4668-BE54-9A1E7A4F7556}") = "AspCoreTest.Services", "AspCoreTest.Services\AspCoreTest.Services.csproj", "{2D6D0E8B-9DB7-440C-983C-4F7A26E8500F}"
EndProject
Project("{9A19103F-16F7-4668-BE54-9A1E7A4F7556}") = "AspCoreTest.Services.Tests", "AspCoreTest.Services.Tests\AspCoreTest.Services.Tests.csproj", "{76876061-2BAF-43EB-A2B6-FB1AC2577F55}"
EndProject
Project("{FAE04EC0-301F-11D3-BF4B-00C04F79EFBC}") = "FunctionAnalysis", "FunctionAnalysis\FunctionAnalysis.csproj", "{F2A11CDB-71D2-41F5-9E0A-8E6D27CC5F65}"
EndProject
Project("{FAE04EC0-301F-11D3-BF4B-00C04F79EFBC}") = "FunctionAnalysisTests", "FunctionAnalysisTests\FunctionAnalysisTests.csproj", "{5B595ABC-5DAA-46B6-A024-9D0521B6EA61}"
EndProject
Project("{2150E333-8FDC-42A3-9474-1A3956D46DE8}") = "Tests", "Tests", "{8E2012C1-DC12-4212-82C7-E39C77127C0B}"
EndProject
Global
	GlobalSection(SolutionConfigurationPlatforms) = preSolution
		Debug|Any CPU = Debug|Any CPU
		Release|Any CPU = Release|Any CPU
	EndGlobalSection
	GlobalSection(ProjectConfigurationPlatforms) = postSolution
		{B38B387D-2F39-44EE-A027-A4B1E57BE68B}.Debug|Any CPU.ActiveCfg = Debug|Any CPU
		{B38B387D-2F39-44EE-A027-A4B1E57BE68B}.Debug|Any CPU.Build.0 = Debug|Any CPU
		{B38B387D-2F39-44EE-A027-A4B1E57BE68B}.Release|Any CPU.ActiveCfg = Release|Any CPU
		{B38B387D-2F39-44EE-A027-A4B1E57BE68B}.Release|Any CPU.Build.0 = Release|Any CPU
		{2D6D0E8B-9DB7-440C-983C-4F7A26E8500F}.Debug|Any CPU.ActiveCfg = Debug|Any CPU
		{2D6D0E8B-9DB7-440C-983C-4F7A26E8500F}.Debug|Any CPU.Build.0 = Debug|Any CPU
		{2D6D0E8B-9DB7-440C-983C-4F7A26E8500F}.Release|Any CPU.ActiveCfg = Release|Any CPU
		{2D6D0E8B-9DB7-440C-983C-4F7A26E8500F}.Release|Any CPU.Build.0 = Release|Any CPU
		{76876061-2BAF-43EB-A2B6-FB1AC2577F55}.Debug|Any CPU.ActiveCfg = Debug|Any CPU
		{76876061-2BAF-43EB-A2B6-FB1AC2577F55}.Debug|Any CPU.Build.0 = Debug|Any CPU
		{76876061-2BAF-43EB-A2B6-FB1AC2577F55}.Release|Any CPU.ActiveCfg = Release|Any CPU
		{76876061-2BAF-43EB-A2B6-FB1AC2577F55}.Release|Any CPU.Build.0 = Release|Any CPU
		{F2A11CDB-71D2-41F5-9E0A-8E6D27CC5F65}.Debug|Any CPU.ActiveCfg = Debug|Any CPU
		{F2A11CDB-71D2-41F5-9E0A-8E6D27CC5F65}.Debug|Any CPU.Build.0 = Debug|Any CPU
		{F2A11CDB-71D2-41F5-9E0A-8E6D27CC5F65}.Release|Any CPU.ActiveCfg = Release|Any CPU
		{F2A11CDB-71D2-41F5-9E0A-8E6D27CC5F65}.Release|Any CPU.Build.0 = Release|Any CPU
		{5B595ABC-5DAA-46B6-A024-9D0521B6EA61}.Debug|Any CPU.ActiveCfg = Debug|Any CPU
		{5B595ABC-5DAA-46B6-A024-9D0521B6EA61}.Debug|Any CPU.Build.0 = Debug|Any CPU
		{5B595ABC-5DAA-46B6-A024-9D0521B6EA61}.Release|Any CPU.ActiveCfg = Release|Any CPU
		{5B595ABC-5DAA-46B6-A024-9D0521B6EA61}.Release|Any CPU.Build.0 = Release|Any CPU
	EndGlobalSection
	GlobalSection(SolutionProperties) = preSolution
		HideSolutionNode = FALSE
	EndGlobalSection
	GlobalSection(NestedProjects) = preSolution
		{76876061-2BAF-43EB-A2B6-FB1AC2577F55} = {8E2012C1-DC12-4212-82C7-E39C77127C0B}
		{5B595ABC-5DAA-46B6-A024-9D0521B6EA61} = {8E2012C1-DC12-4212-82C7-E39C77127C0B}
	EndGlobalSection
	GlobalSection(ExtensibilityGlobals) = postSolution
		SolutionGuid = {D85DD271-7499-431A-B1FD-81A57CB5B12D}
	EndGlobalSection
EndGlobal
